// !$*UTF8*$!
{
	archiveVersion = 1;
	classes = {
	};
	objectVersion = 46;
	objects = {

/* Begin PBXBuildFile section */
		D3FEE6A71D4CF3700074AA07 /* AppDelegate.swift in Sources */ = {isa = PBXBuildFile; fileRef = D3FEE6A61D4CF3700074AA07 /* AppDelegate.swift */; };
		D3FEE6A91D4CF3700074AA07 /* ViewController.swift in Sources */ = {isa = PBXBuildFile; fileRef = D3FEE6A81D4CF3700074AA07 /* ViewController.swift */; };
		D3FEE6AC1D4CF3700074AA07 /* Main.storyboard in Resources */ = {isa = PBXBuildFile; fileRef = D3FEE6AA1D4CF3700074AA07 /* Main.storyboard */; };
		D3FEE6AE1D4CF3700074AA07 /* Assets.xcassets in Resources */ = {isa = PBXBuildFile; fileRef = D3FEE6AD1D4CF3700074AA07 /* Assets.xcassets */; };
		D3FEE6B11D4CF3700074AA07 /* LaunchScreen.storyboard in Resources */ = {isa = PBXBuildFile; fileRef = D3FEE6AF1D4CF3700074AA07 /* LaunchScreen.storyboard */; };
		D3FEE6BB1D4CF3FD0074AA07 /* FaceView.swift in Sources */ = {isa = PBXBuildFile; fileRef = D3FEE6BA1D4CF3FD0074AA07 /* FaceView.swift */; };
		D3FEE6BD1D4E52D60074AA07 /* FacialExpression.swift in Sources */ = {isa = PBXBuildFile; fileRef = D3FEE6BC1D4E52D60074AA07 /* FacialExpression.swift */; };
/* End PBXBuildFile section */

/* Begin PBXFileReference section */
		D3FEE6A31D4CF3700074AA07 /* FaceIt2.0.app */ = {isa = PBXFileReference; explicitFileType = wrapper.application; includeInIndex = 0; path = FaceIt2.0.app; sourceTree = BUILT_PRODUCTS_DIR; };
		D3FEE6A61D4CF3700074AA07 /* AppDelegate.swift */ = {isa = PBXFileReference; lastKnownFileType = sourcecode.swift; path = AppDelegate.swift; sourceTree = "<group>"; };
		D3FEE6A81D4CF3700074AA07 /* ViewController.swift */ = {isa = PBXFileReference; lastKnownFileType = sourcecode.swift; path = ViewController.swift; sourceTree = "<group>"; };
		D3FEE6AB1D4CF3700074AA07 /* Base */ = {isa = PBXFileReference; lastKnownFileType = file.storyboard; name = Base; path = Base.lproj/Main.storyboard; sourceTree = "<group>"; };
		D3FEE6AD1D4CF3700074AA07 /* Assets.xcassets */ = {isa = PBXFileReference; lastKnownFileType = folder.assetcatalog; path = Assets.xcassets; sourceTree = "<group>"; };
		D3FEE6B01D4CF3700074AA07 /* Base */ = {isa = PBXFileReference; lastKnownFileType = file.storyboard; name = Base; path = Base.lproj/LaunchScreen.storyboard; sourceTree = "<group>"; };
		D3FEE6B21D4CF3700074AA07 /* Info.plist */ = {isa = PBXFileReference; lastKnownFileType = text.plist.xml; path = Info.plist; sourceTree = "<group>"; };
		D3FEE6BA1D4CF3FD0074AA07 /* FaceView.swift */ = {isa = PBXFileReference; fileEncoding = 4; lastKnownFileType = sourcecode.swift; path = FaceView.swift; sourceTree = "<group>"; };
		D3FEE6BC1D4E52D60074AA07 /* FacialExpression.swift */ = {isa = PBXFileReference; fileEncoding = 4; lastKnownFileType = sourcecode.swift; path = FacialExpression.swift; sourceTree = "<group>"; };
/* End PBXFileReference section */

/* Begin PBXFrameworksBuildPhase section */
		D3FEE6A01D4CF3700074AA07 /* Frameworks */ = {
			isa = PBXFrameworksBuildPhase;
			buildActionMask = 2147483647;
			files = (
			);
			runOnlyForDeploymentPostprocessing = 0;
		};
/* End PBXFrameworksBuildPhase section */

/* Begin PBXGroup section */
		D3FEE69A1D4CF3700074AA07 = {
			isa = PBXGroup;
			children = (
				D3FEE6A51D4CF3700074AA07 /* FaceIt2.0 */,
				D3FEE6A41D4CF3700074AA07 /* Products */,
			);
			sourceTree = "<group>";
		};
		D3FEE6A41D4CF3700074AA07 /* Products */ = {
			isa = PBXGroup;
			children = (
				D3FEE6A31D4CF3700074AA07 /* FaceIt2.0.app */,
			);
			name = Products;
			sourceTree = "<group>";
		};
		D3FEE6A51D4CF3700074AA07 /* FaceIt2.0 */ = {
			isa = PBXGroup;
			children = (
				D3FEE6A61D4CF3700074AA07 /* AppDelegate.swift */,
				D3FEE6A81D4CF3700074AA07 /* ViewController.swift */,
				D3FEE6AA1D4CF3700074AA07 /* Main.storyboard */,
				D3FEE6BC1D4E52D60074AA07 /* FacialExpression.swift */,
				D3FEE6AD1D4CF3700074AA07 /* Assets.xcassets */,
				D3FEE6AF1D4CF3700074AA07 /* LaunchScreen.storyboard */,
				D3FEE6B21D4CF3700074AA07 /* Info.plist */,
				D3FEE6BA1D4CF3FD0074AA07 /* FaceView.swift */,
			);
			path = FaceIt2.0;
			sourceTree = "<group>";
		};
/* End PBXGroup section */

/* Begin PBXNativeTarget section */
		D3FEE6A21D4CF3700074AA07 /* FaceIt2.0 */ = {
			isa = PBXNativeTarget;
			buildConfigurationList = D3FEE6B51D4CF3700074AA07 /* Build configuration list for PBXNativeTarget "FaceIt2.0" */;
			buildPhases = (
				D3FEE69F1D4CF3700074AA07 /* Sources */,
				D3FEE6A01D4CF3700074AA07 /* Frameworks */,
				D3FEE6A11D4CF3700074AA07 /* Resources */,
			);
			buildRules = (
			);
			dependencies = (
			);
			name = FaceIt2.0;
			productName = FaceIt2.0;
			productReference = D3FEE6A31D4CF3700074AA07 /* FaceIt2.0.app */;
			productType = "com.apple.product-type.application";
		};
/* End PBXNativeTarget section */

/* Begin PBXProject section */
		D3FEE69B1D4CF3700074AA07 /* Project object */ = {
			isa = PBXProject;
			attributes = {
				LastSwiftUpdateCheck = 0730;
				LastUpgradeCheck = 0730;
				ORGANIZATIONNAME = 3smurfs;
				TargetAttributes = {
					D3FEE6A21D4CF3700074AA07 = {
						CreatedOnToolsVersion = 7.3.1;
						DevelopmentTeam = JZ92YFTR72;
					};
				};
			};
			buildConfigurationList = D3FEE69E1D4CF3700074AA07 /* Build configuration list for PBXProject "FaceIt2.0" */;
			compatibilityVersion = "Xcode 3.2";
			developmentRegion = English;
			hasScannedForEncodings = 0;
			knownRegions = (
				en,
				Base,
			);
			mainGroup = D3FEE69A1D4CF3700074AA07;
			productRefGroup = D3FEE6A41D4CF3700074AA07 /* Products */;
			projectDirPath = "";
			projectRoot = "";
			targets = (
				D3FEE6A21D4CF3700074AA07 /* FaceIt2.0 */,
			);
		};
/* End PBXProject section */

/* Begin PBXResourcesBuildPhase section */
		D3FEE6A11D4CF3700074AA07 /* Resources */ = {
			isa = PBXResourcesBuildPhase;
			buildActionMask = 2147483647;
			files = (
				D3FEE6B11D4CF3700074AA07 /* LaunchScreen.storyboard in Resources */,
				D3FEE6AE1D4CF3700074AA07 /* Assets.xcassets in Resources */,
				D3FEE6AC1D4CF3700074AA07 /* Main.storyboard in Resources */,
			);
			runOnlyForDeploymentPostprocessing = 0;
		};
/* End PBXResourcesBuildPhase section */

/* Begin PBXSourcesBuildPhase section */
		D3FEE69F1D4CF3700074AA07 /* Sources */ = {
			isa = PBXSourcesBuildPhase;
			buildActionMask = 2147483647;
			files = (
				D3FEE6A91D4CF3700074AA07 /* ViewController.swift in Sources */,
				D3FEE6BD1D4E52D60074AA07 /* FacialExpression.swift in Sources */,
				D3FEE6A71D4CF3700074AA07 /* AppDelegate.swift in Sources */,
				D3FEE6BB1D4CF3FD0074AA07 /* FaceView.swift in Sources */,
			);
			runOnlyForDeploymentPostprocessing = 0;
		};
/* End PBXSourcesBuildPhase section */

/* Begin PBXVariantGroup section */
		D3FEE6AA1D4CF3700074AA07 /* Main.storyboard */ = {
			isa = PBXVariantGroup;
			children = (
				D3FEE6AB1D4CF3700074AA07 /* Base */,
			);
			name = Main.storyboard;
			sourceTree = "<group>";
		};
		D3FEE6AF1D4CF3700074AA07 /* LaunchScreen.storyboard */ = {
			isa = PBXVariantGroup;
			children = (
				D3FEE6B01D4CF3700074AA07 /* Base */,
			);
			name = LaunchScreen.storyboard;
			sourceTree = "<group>";
		};
/* End PBXVariantGroup section */

/* Begin XCBuildConfiguration section */
		D3FEE6B31D4CF3700074AA07 /* Debug */ = {
			isa = XCBuildConfiguration;
			buildSettings = {
				ALWAYS_SEARCH_USER_PATHS = NO;
				CLANG_ANALYZER_NONNULL = YES;
				CLANG_CXX_LANGUAGE_STANDARD = "gnu++0x";
				CLANG_CXX_LIBRARY = "libc++";
				CLANG_ENABLE_MODULES = YES;
				CLANG_ENABLE_OBJC_ARC = YES;
				CLANG_WARN_BOOL_CONVERSION = YES;
				CLANG_WARN_CONSTANT_CONVERSION = YES;
				CLANG_WARN_DIRECT_OBJC_ISA_USAGE = YES_ERROR;
				CLANG_WARN_EMPTY_BODY = YES;
				CLANG_WARN_ENUM_CONVERSION = YES;
				CLANG_WARN_INT_CONVERSION = YES;
				CLANG_WARN_OBJC_ROOT_CLASS = YES_ERROR;
				CLANG_WARN_UNREACHABLE_CODE = YES;
				CLANG_WARN__DUPLICATE_METHOD_MATCH = YES;
				"CODE_SIGN_IDENTITY[sdk=iphoneos*]" = "iPhone Developer";
				COPY_PHASE_STRIP = NO;
				DEBUG_INFORMATION_FORMAT = dwarf;
				ENABLE_STRICT_OBJC_MSGSEND = YES;
				ENABLE_TESTABILITY = YES;
				GCC_C_LANGUAGE_STANDARD = gnu99;
				GCC_DYNAMIC_NO_PIC = NO;
				GCC_NO_COMMON_BLOCKS = YES;
				GCC_OPTIMIZATION_LEVEL = 0;
				GCC_PREPROCESSOR_DEFINITIONS = (
					"DEBUG=1",
					"$(inherited)",
				);
				GCC_WARN_64_TO_32_BIT_CONVERSION = YES;
				GCC_WARN_ABOUT_RETURN_TYPE = YES_ERROR;
				GCC_WARN_UNDECLARED_SELECTOR = YES;
				GCC_WARN_UNINITIALIZED_AUTOS = YES_AGGRESSIVE;
				GCC_WARN_UNUSED_FUNCTION = YES;
				GCC_WARN_UNUSED_VARIABLE = YES;
				IPHONEOS_DEPLOYMENT_TARGET = 9.3;
				MTL_ENABLE_DEBUG_INFO = YES;
				ONLY_ACTIVE_ARCH = YES;
				SDKROOT = iphoneos;
				SWIFT_OPTIMIZATION_LEVEL = "-Onone";
				TARGETED_DEVICE_FAMILY = "1,2";
			};
			name = Debug;
		};
		D3FEE6B41D4CF3700074AA07 /* Release */ = {
			isa = XCBuildConfiguration;
			buildSettings = {
				ALWAYS_SEARCH_USER_PATHS = NO;
				CLANG_ANALYZER_NONNULL = YES;
				CLANG_CXX_LANGUAGE_STANDARD = "gnu++0x";
				CLANG_CXX_LIBRARY = "libc++";
				CLANG_ENABLE_MODULES = YES;
				CLANG_ENABLE_OBJC_ARC = YES;
				CLANG_WARN_BOOL_CONVERSION = YES;
				CLANG_WARN_CONSTANT_CONVERSION = YES;
				CLANG_WARN_DIRECT_OBJC_ISA_USAGE = YES_ERROR;
				CLANG_WARN_EMPTY_BODY = YES;
				CLANG_WARN_ENUM_CONVERSION = YES;
				CLANG_WARN_INT_CONVERSION = YES;
				CLANG_WARN_OBJC_ROOT_CLASS = YES_ERROR;
				CLANG_WARN_UNREACHABLE_CODE = YES;
				CLANG_WARN__DUPLICATE_METHOD_MATCH = YES;
				"CODE_SIGN_IDENTITY[sdk=iphoneos*]" = "iPhone Developer";
				COPY_PHASE_STRIP = NO;
				DEBUG_INFORMATION_FORMAT = "dwarf-with-dsym";
				ENABLE_NS_ASSERTIONS = NO;
				ENABLE_STRICT_OBJC_MSGSEND = YES;
				GCC_C_LANGUAGE_STANDARD = gnu99;
				GCC_NO_COMMON_BLOCKS = YES;
				GCC_WARN_64_TO_32_BIT_CONVERSION = YES;
				GCC_WARN_ABOUT_RETURN_TYPE = YES_ERROR;
				GCC_WARN_UNDECLARED_SELECTOR = YES;
				GCC_WARN_UNINITIALIZED_AUTOS = YES_AGGRESSIVE;
				GCC_WARN_UNUSED_FUNCTION = YES;
				GCC_WARN_UNUSED_VARIABLE = YES;
				IPHONEOS_DEPLOYMENT_TARGET = 9.3;
				MTL_ENABLE_DEBUG_INFO = NO;
				SDKROOT = iphoneos;
				TARGETED_DEVICE_FAMILY = "1,2";
				VALIDATE_PRODUCT = YES;
			};
			name = Release;
		};
		D3FEE6B61D4CF3700074AA07 /* Debug */ = {
			isa = XCBuildConfiguration;
			buildSettings = {
				ASSETCATALOG_COMPILER_APPICON_NAME = AppIcon;
				INFOPLIST_FILE = FaceIt2.0/Info.plist;
				LD_RUNPATH_SEARCH_PATHS = "$(inherited) @executable_path/Frameworks";
				PRODUCT_BUNDLE_IDENTIFIER = "-smurfs.com.FaceIt2-0";
				PRODUCT_NAME = "$(TARGET_NAME)";
			};
			name = Debug;
		};
		D3FEE6B71D4CF3700074AA07 /* Release */ = {
			isa = XCBuildConfiguration;
			buildSettings = {
				ASSETCATALOG_COMPILER_APPICON_NAME = AppIcon;
				INFOPLIST_FILE = FaceIt2.0/Info.plist;
				LD_RUNPATH_SEARCH_PATHS = "$(inherited) @executable_path/Frameworks";
				PRODUCT_BUNDLE_IDENTIFIER = "-smurfs.com.FaceIt2-0";
				PRODUCT_NAME = "$(TARGET_NAME)";
			};
			name = Release;
		};
/* End XCBuildConfiguration section */

/* Begin XCConfigurationList section */
		D3FEE69E1D4CF3700074AA07 /* Build configuration list for PBXProject "FaceIt2.0" */ = {
			isa = XCConfigurationList;
			buildConfigurations = (
				D3FEE6B31D4CF3700074AA07 /* Debug */,
				D3FEE6B41D4CF3700074AA07 /* Release */,
			);
			defaultConfigurationIsVisible = 0;
			defaultConfigurationName = Release;
		};
		D3FEE6B51D4CF3700074AA07 /* Build configuration list for PBXNativeTarget "FaceIt2.0" */ = {
			isa = XCConfigurationList;
			buildConfigurations = (
				D3FEE6B61D4CF3700074AA07 /* Debug */,
				D3FEE6B71D4CF3700074AA07 /* Release */,
			);
			defaultConfigurationIsVisible = 0;
		};
/* End XCConfigurationList section */
	};
	rootObject = D3FEE69B1D4CF3700074AA07 /* Project object */;
}
